
Microsoft Visual Studio Solution File, Format Version 12.00
# Visual Studio Version 17
VisualStudioVersion = 17.14.36429.23
MinimumVisualStudioVersion = 10.0.40219.1
Project("{FAE04EC0-301F-11D3-BF4B-00C04F79EFBC}") = "NX-Suite", "NX-Suite\NX-Suite.csproj", "{4BF7A50D-FCBE-4FB7-A9CC-D1F312B63633}"
EndProject
Project("{FAE04EC0-301F-11D3-BF4B-00C04F79EFBC}") = "NX-Suite.Updater", "NX-Suite.Updater\NX-Suite.Updater.csproj", "{CF8B848D-1CA2-4C75-BD58-108F2E998F04}"
EndProject
Global
	GlobalSection(SolutionConfigurationPlatforms) = preSolution
		Debug|Any CPU = Debug|Any CPU
		Debug|x64 = Debug|x64
		Debug|x86 = Debug|x86
		Release|Any CPU = Release|Any CPU
		Release|x64 = Release|x64
		Release|x86 = Release|x86
	EndGlobalSection
	GlobalSection(ProjectConfigurationPlatforms) = postSolution
		{4BF7A50D-FCBE-4FB7-A9CC-D1F312B63633}.Debug|Any CPU.ActiveCfg = Debug|Any CPU
		{4BF7A50D-FCBE-4FB7-A9CC-D1F312B63633}.Debug|Any CPU.Build.0 = Debug|Any CPU
		{4BF7A50D-FCBE-4FB7-A9CC-D1F312B63633}.Debug|x64.ActiveCfg = Debug|Any CPU
		{4BF7A50D-FCBE-4FB7-A9CC-D1F312B63633}.Debug|x64.Build.0 = Debug|Any CPU
		{4BF7A50D-FCBE-4FB7-A9CC-D1F312B63633}.Debug|x86.ActiveCfg = Debug|Any CPU
		{4BF7A50D-FCBE-4FB7-A9CC-D1F312B63633}.Debug|x86.Build.0 = Debug|Any CPU
		{4BF7A50D-FCBE-4FB7-A9CC-D1F312B63633}.Release|Any CPU.ActiveCfg = Release|Any CPU
		{4BF7A50D-FCBE-4FB7-A9CC-D1F312B63633}.Release|Any CPU.Build.0 = Release|Any CPU
		{4BF7A50D-FCBE-4FB7-A9CC-D1F312B63633}.Release|x64.ActiveCfg = Release|Any CPU
		{4BF7A50D-FCBE-4FB7-A9CC-D1F312B63633}.Release|x64.Build.0 = Release|Any CPU
		{4BF7A50D-FCBE-4FB7-A9CC-D1F312B63633}.Release|x86.ActiveCfg = Release|Any CPU
		{4BF7A50D-FCBE-4FB7-A9CC-D1F312B63633}.Release|x86.Build.0 = Release|Any CPU
		{CF8B848D-1CA2-4C75-BD58-108F2E998F04}.Debug|Any CPU.ActiveCfg = Debug|Any CPU
		{CF8B848D-1CA2-4C75-BD58-108F2E998F04}.Debug|Any CPU.Build.0 = Debug|Any CPU
		{CF8B848D-1CA2-4C75-BD58-108F2E998F04}.Debug|x64.ActiveCfg = Debug|Any CPU
		{CF8B848D-1CA2-4C75-BD58-108F2E998F04}.Debug|x64.Build.0 = Debug|Any CPU
		{CF8B848D-1CA2-4C75-BD58-108F2E998F04}.Debug|x86.ActiveCfg = Debug|Any CPU
		{CF8B848D-1CA2-4C75-BD58-108F2E998F04}.Debug|x86.Build.0 = Debug|Any CPU
		{CF8B848D-1CA2-4C75-BD58-108F2E998F04}.Release|Any CPU.ActiveCfg = Release|Any CPU
		{CF8B848D-1CA2-4C75-BD58-108F2E998F04}.Release|Any CPU.Build.0 = Release|Any CPU
		{CF8B848D-1CA2-4C75-BD58-108F2E998F04}.Release|x64.ActiveCfg = Release|Any CPU
		{CF8B848D-1CA2-4C75-BD58-108F2E998F04}.Release|x64.Build.0 = Release|Any CPU
		{CF8B848D-1CA2-4C75-BD58-108F2E998F04}.Release|x86.ActiveCfg = Release|Any CPU
		{CF8B848D-1CA2-4C75-BD58-108F2E998F04}.Release|x86.Build.0 = Release|Any CPU
	EndGlobalSection
	GlobalSection(SolutionProperties) = preSolution
		HideSolutionNode = FALSE
	EndGlobalSection
	GlobalSection(ExtensibilityGlobals) = postSolution
		SolutionGuid = {B93D5038-9484-4908-81E5-C0EAA8C8ECBD}
	EndGlobalSection
EndGlobal
